
Microsoft Visual Studio Solution File, Format Version 12.00
# Visual Studio Version 17
VisualStudioVersion = 17.4.33110.190
MinimumVisualStudioVersion = 10.0.40219.1
Project("{FAE04EC0-301F-11D3-BF4B-00C04F79EFBC}") = "WindowsFormsApp1", "WindowsFormsApp1\WindowsFormsApp1.csproj", "{851A88C6-96B4-426C-B7CB-BC4DB4C92888}"
EndProject
Global
	GlobalSection(SolutionConfigurationPlatforms) = preSolution
		Debug|Any CPU = Debug|Any CPU
		Release|Any CPU = Release|Any CPU
	EndGlobalSection
	GlobalSection(ProjectConfigurationPlatforms) = postSolution
		{851A88C6-96B4-426C-B7CB-BC4DB4C92888}.Debug|Any CPU.ActiveCfg = Debug|Any CPU
		{851A88C6-96B4-426C-B7CB-BC4DB4C92888}.Debug|Any CPU.Build.0 = Debug|Any CPU
		{851A88C6-96B4-426C-B7CB-BC4DB4C92888}.Release|Any CPU.ActiveCfg = Release|Any CPU
		{851A88C6-96B4-426C-B7CB-BC4DB4C92888}.Release|Any CPU.Build.0 = Release|Any CPU
	EndGlobalSection
	GlobalSection(SolutionProperties) = preSolution
		HideSolutionNode = FALSE
	EndGlobalSection
	GlobalSection(ExtensibilityGlobals) = postSolution
		SolutionGuid = {ABED52F7-F489-448E-A651-4D6CE1C92D8C}
	EndGlobalSection
EndGlobal
